# THIS IS AN AUTOGENERATED FILE. DO NOT EDIT THIS FILE DIRECTLY.
# yarn lockfile v1


"esbuild@>=0.6.0 <0.8.0":
  version "0.7.22"
  resolved "https://registry.yarnpkg.com/esbuild/-/esbuild-0.7.22.tgz#9149b903f8128b7c45a754046c24199d76bbe08e"
  integrity sha512-B43SYg8LGWYTCv9Gs0RnuLNwjzpuWOoCaZHTWEDEf5AfrnuDMerPVMdCEu7xOdhFvQ+UqfP2MGU9lxEy0JzccA==

esbuild@^0.8.6:
  version "0.8.6"
  resolved "https://registry.yarnpkg.com/esbuild/-/esbuild-0.8.6.tgz#ee44a116bb0066c605db20181bdc7c303b4f4fd6"
  integrity sha512-JBN3gYqc6j/fX2s2zjwGoVbHGODFOIpzbRCSI9OM3rkvYuALqB91EUjoBW6uuwmiURPgH5IksJNN6ndTY778sw==

estrella@^1.2.10:
  version "1.2.10"
  resolved "https://registry.yarnpkg.com/estrella/-/estrella-1.2.10.tgz#c9ea8ca37949983ebc5b530ab2c1eff2bff647d5"
  integrity sha512-JSpZX+MrQcPWZ7IVjFZZD8IE/oaK+OChFGRs4Vu+HMDUICA514a95osvGUOrbPxaKQqoQs3uwmDqTpoKglTXJA==
  dependencies:
    esbuild ">=0.6.0 <0.8.0"
  optionalDependencies:
    fsevents "~2.1.2"

fsevents@~2.1.2:
  version "2.1.3"
  resolved "https://registry.yarnpkg.com/fsevents/-/fsevents-2.1.3.tgz#fb738703ae8d2f9fe900c33836ddebee8b97f23e"
  integrity sha512-Auw9a4AxqWpa9GUfj370BMPzzyncfBABW8Mab7BGWBYDj4Isgq+cDKtx0i6u9jcX9pQDnswsaaOTgTmA5pEjuQ==

serve-http@^1.0.6:
  version "1.0.6"
  resolved "https://registry.yarnpkg.com/serve-http/-/serve-http-1.0.6.tgz#934f29929ae83c9f5cc83bda6f1984af2da40bad"
  integrity sha512-0KOoZiW6oAo2L07L2/lbwGK7J90CIhKvU6A8x7hWxECf8J4cUHEiC4OZGxMSmUnLRLgjIzVj4bw5mEwFZnIuHg==
